
Microsoft Visual Studio Solution File, Format Version 12.00
# Visual Studio Version 17
VisualStudioVersion = 17.3.32825.248
MinimumVisualStudioVersion = 10.0.40219.1
Project("{9A19103F-16F7-4668-BE54-9A1E7A4F7556}") = "VkCrudProject", "VkCrudProject\VkCrudProject.csproj", "{85C419F8-9FCE-42E8-AA10-A183F2A23889}"
EndProject
Project("{9A19103F-16F7-4668-BE54-9A1E7A4F7556}") = "VkCrudProjectUnitTests", "VkCrudProjectUnitTests\VkCrudProjectUnitTests.csproj", "{4108E376-F525-481C-BCB9-1BF3FB1CC4EC}"
EndProject
Project("{FAE04EC0-301F-11D3-BF4B-00C04F79EFBC}") = "Libraries", "Libraries\Libraries.csproj", "{A84BF873-A04F-4A2D-AEC6-262AE847F328}"
EndProject
Global
	GlobalSection(SolutionConfigurationPlatforms) = preSolution
		Debug|Any CPU = Debug|Any CPU
		Release|Any CPU = Release|Any CPU
	EndGlobalSection
	GlobalSection(ProjectConfigurationPlatforms) = postSolution
		{85C419F8-9FCE-42E8-AA10-A183F2A23889}.Debug|Any CPU.ActiveCfg = Debug|Any CPU
		{85C419F8-9FCE-42E8-AA10-A183F2A23889}.Debug|Any CPU.Build.0 = Debug|Any CPU
		{85C419F8-9FCE-42E8-AA10-A183F2A23889}.Release|Any CPU.ActiveCfg = Release|Any CPU
		{85C419F8-9FCE-42E8-AA10-A183F2A23889}.Release|Any CPU.Build.0 = Release|Any CPU
		{4108E376-F525-481C-BCB9-1BF3FB1CC4EC}.Debug|Any CPU.ActiveCfg = Debug|Any CPU
		{4108E376-F525-481C-BCB9-1BF3FB1CC4EC}.Debug|Any CPU.Build.0 = Debug|Any CPU
		{4108E376-F525-481C-BCB9-1BF3FB1CC4EC}.Release|Any CPU.ActiveCfg = Release|Any CPU
		{4108E376-F525-481C-BCB9-1BF3FB1CC4EC}.Release|Any CPU.Build.0 = Release|Any CPU
		{A84BF873-A04F-4A2D-AEC6-262AE847F328}.Debug|Any CPU.ActiveCfg = Debug|Any CPU
		{A84BF873-A04F-4A2D-AEC6-262AE847F328}.Debug|Any CPU.Build.0 = Debug|Any CPU
		{A84BF873-A04F-4A2D-AEC6-262AE847F328}.Release|Any CPU.ActiveCfg = Release|Any CPU
		{A84BF873-A04F-4A2D-AEC6-262AE847F328}.Release|Any CPU.Build.0 = Release|Any CPU
	EndGlobalSection
	GlobalSection(SolutionProperties) = preSolution
		HideSolutionNode = FALSE
	EndGlobalSection
	GlobalSection(ExtensibilityGlobals) = postSolution
		SolutionGuid = {5AC01654-5A04-46D8-9D49-BB2FD67E8B40}
	EndGlobalSection
EndGlobal
